
Microsoft Visual Studio Solution File, Format Version 12.00
# Visual Studio Version 17
VisualStudioVersion = 17.6.33829.357
MinimumVisualStudioVersion = 10.0.40219.1
Project("{FAE04EC0-301F-11D3-BF4B-00C04F79EFBC}") = "fiorellopb101", "fiorellopb101.csproj", "{6267F080-6DC6-43AF-BEB7-39907E9C7881}"
EndProject
Global
	GlobalSection(SolutionConfigurationPlatforms) = preSolution
		Debug|Any CPU = Debug|Any CPU
		Release|Any CPU = Release|Any CPU
	EndGlobalSection
	GlobalSection(ProjectConfigurationPlatforms) = postSolution
		{6267F080-6DC6-43AF-BEB7-39907E9C7881}.Debug|Any CPU.ActiveCfg = Debug|Any CPU
		{6267F080-6DC6-43AF-BEB7-39907E9C7881}.Debug|Any CPU.Build.0 = Debug|Any CPU
		{6267F080-6DC6-43AF-BEB7-39907E9C7881}.Release|Any CPU.ActiveCfg = Release|Any CPU
		{6267F080-6DC6-43AF-BEB7-39907E9C7881}.Release|Any CPU.Build.0 = Release|Any CPU
	EndGlobalSection
	GlobalSection(SolutionProperties) = preSolution
		HideSolutionNode = FALSE
	EndGlobalSection
	GlobalSection(ExtensibilityGlobals) = postSolution
		SolutionGuid = {1880B191-F10D-4946-8CDA-BC551ABE080A}
	EndGlobalSection
EndGlobal
